
Microsoft Visual Studio Solution File, Format Version 12.00
# Visual Studio Version 17
VisualStudioVersion = 17.2.32526.322
MinimumVisualStudioVersion = 10.0.40219.1
Project("{FAE04EC0-301F-11D3-BF4B-00C04F79EFBC}") = "SalesManagmentSystem2", "SalesManagmentSystem2\SalesManagmentSystem2.csproj", "{7EB9FB28-379B-4446-8500-2892CDA87524}"
EndProject
Global
	GlobalSection(SolutionConfigurationPlatforms) = preSolution
		Debug|Any CPU = Debug|Any CPU
		Release|Any CPU = Release|Any CPU
	EndGlobalSection
	GlobalSection(ProjectConfigurationPlatforms) = postSolution
		{7EB9FB28-379B-4446-8500-2892CDA87524}.Debug|Any CPU.ActiveCfg = Debug|Any CPU
		{7EB9FB28-379B-4446-8500-2892CDA87524}.Debug|Any CPU.Build.0 = Debug|Any CPU
		{7EB9FB28-379B-4446-8500-2892CDA87524}.Release|Any CPU.ActiveCfg = Release|Any CPU
		{7EB9FB28-379B-4446-8500-2892CDA87524}.Release|Any CPU.Build.0 = Release|Any CPU
	EndGlobalSection
	GlobalSection(SolutionProperties) = preSolution
		HideSolutionNode = FALSE
	EndGlobalSection
	GlobalSection(ExtensibilityGlobals) = postSolution
		SolutionGuid = {4CAC1261-4562-4591-A554-BB3F48C5A526}
	EndGlobalSection
EndGlobal
